
Microsoft Visual Studio Solution File, Format Version 12.00
# Visual Studio Version 17
VisualStudioVersion = 17.5.2.0
MinimumVisualStudioVersion = 10.0.40219.1
Project("{2150E333-8FDC-42A3-9474-1A3956D46DE8}") = "Aula4", "Aula4", "{86FFF915-A70D-6D22-BBC9-936E523449E4}"
EndProject
Project("{FAE04EC0-301F-11D3-BF4B-00C04F79EFBC}") = "Exercicio1", "Aula4\Exercicio1\Exercicio1.csproj", "{B5C2B193-184C-41B6-C449-69B25C83A163}"
EndProject
Project("{FAE04EC0-301F-11D3-BF4B-00C04F79EFBC}") = "Exercicio3", "Aula4\Exercicio3\Exercicio3.csproj", "{BF0C8CDD-1B8E-3F34-D814-53DEB758469B}"
EndProject
Project("{FAE04EC0-301F-11D3-BF4B-00C04F79EFBC}") = "ConsoleApp1", "ConsoleApp1\ConsoleApp1.csproj", "{A2404CDA-A007-442C-BB71-C1859CADF416}"
EndProject
Project("{2150E333-8FDC-42A3-9474-1A3956D46DE8}") = "Aula5", "Aula5", "{C9C22370-D9A2-AC29-050F-7139BECDFD26}"
EndProject
Project("{FAE04EC0-301F-11D3-BF4B-00C04F79EFBC}") = "Exercicio4", "Aula5\Exercicio4\Exercicio4.csproj", "{2EB295C7-7743-4FB6-BA67-4B761583BA87}"
EndProject
Project("{FAE04EC0-301F-11D3-BF4B-00C04F79EFBC}") = "Exercicio5", "Aula5\Exercicio5\Exercicio5.csproj", "{F1678D02-8870-481E-802F-038E86BFA4AB}"
EndProject
Global
	GlobalSection(SolutionConfigurationPlatforms) = preSolution
		Debug|Any CPU = Debug|Any CPU
		Debug|x64 = Debug|x64
		Debug|x86 = Debug|x86
		Release|Any CPU = Release|Any CPU
		Release|x64 = Release|x64
		Release|x86 = Release|x86
	EndGlobalSection
	GlobalSection(ProjectConfigurationPlatforms) = postSolution
		{B5C2B193-184C-41B6-C449-69B25C83A163}.Debug|Any CPU.ActiveCfg = Debug|Any CPU
		{B5C2B193-184C-41B6-C449-69B25C83A163}.Debug|Any CPU.Build.0 = Debug|Any CPU
		{B5C2B193-184C-41B6-C449-69B25C83A163}.Debug|x64.ActiveCfg = Debug|Any CPU
		{B5C2B193-184C-41B6-C449-69B25C83A163}.Debug|x64.Build.0 = Debug|Any CPU
		{B5C2B193-184C-41B6-C449-69B25C83A163}.Debug|x86.ActiveCfg = Debug|Any CPU
		{B5C2B193-184C-41B6-C449-69B25C83A163}.Debug|x86.Build.0 = Debug|Any CPU
		{B5C2B193-184C-41B6-C449-69B25C83A163}.Release|Any CPU.ActiveCfg = Release|Any CPU
		{B5C2B193-184C-41B6-C449-69B25C83A163}.Release|Any CPU.Build.0 = Release|Any CPU
		{B5C2B193-184C-41B6-C449-69B25C83A163}.Release|x64.ActiveCfg = Release|Any CPU
		{B5C2B193-184C-41B6-C449-69B25C83A163}.Release|x64.Build.0 = Release|Any CPU
		{B5C2B193-184C-41B6-C449-69B25C83A163}.Release|x86.ActiveCfg = Release|Any CPU
		{B5C2B193-184C-41B6-C449-69B25C83A163}.Release|x86.Build.0 = Release|Any CPU
		{BF0C8CDD-1B8E-3F34-D814-53DEB758469B}.Debug|Any CPU.ActiveCfg = Debug|Any CPU
		{BF0C8CDD-1B8E-3F34-D814-53DEB758469B}.Debug|Any CPU.Build.0 = Debug|Any CPU
		{BF0C8CDD-1B8E-3F34-D814-53DEB758469B}.Debug|x64.ActiveCfg = Debug|Any CPU
		{BF0C8CDD-1B8E-3F34-D814-53DEB758469B}.Debug|x64.Build.0 = Debug|Any CPU
		{BF0C8CDD-1B8E-3F34-D814-53DEB758469B}.Debug|x86.ActiveCfg = Debug|Any CPU
		{BF0C8CDD-1B8E-3F34-D814-53DEB758469B}.Debug|x86.Build.0 = Debug|Any CPU
		{BF0C8CDD-1B8E-3F34-D814-53DEB758469B}.Release|Any CPU.ActiveCfg = Release|Any CPU
		{BF0C8CDD-1B8E-3F34-D814-53DEB758469B}.Release|Any CPU.Build.0 = Release|Any CPU
		{BF0C8CDD-1B8E-3F34-D814-53DEB758469B}.Release|x64.ActiveCfg = Release|Any CPU
		{BF0C8CDD-1B8E-3F34-D814-53DEB758469B}.Release|x64.Build.0 = Release|Any CPU
		{BF0C8CDD-1B8E-3F34-D814-53DEB758469B}.Release|x86.ActiveCfg = Release|Any CPU
		{BF0C8CDD-1B8E-3F34-D814-53DEB758469B}.Release|x86.Build.0 = Release|Any CPU
		{A2404CDA-A007-442C-BB71-C1859CADF416}.Debug|Any CPU.ActiveCfg = Debug|Any CPU
		{A2404CDA-A007-442C-BB71-C1859CADF416}.Debug|Any CPU.Build.0 = Debug|Any CPU
		{A2404CDA-A007-442C-BB71-C1859CADF416}.Debug|x64.ActiveCfg = Debug|Any CPU
		{A2404CDA-A007-442C-BB71-C1859CADF416}.Debug|x64.Build.0 = Debug|Any CPU
		{A2404CDA-A007-442C-BB71-C1859CADF416}.Debug|x86.ActiveCfg = Debug|Any CPU
		{A2404CDA-A007-442C-BB71-C1859CADF416}.Debug|x86.Build.0 = Debug|Any CPU
		{A2404CDA-A007-442C-BB71-C1859CADF416}.Release|Any CPU.ActiveCfg = Release|Any CPU
		{A2404CDA-A007-442C-BB71-C1859CADF416}.Release|Any CPU.Build.0 = Release|Any CPU
		{A2404CDA-A007-442C-BB71-C1859CADF416}.Release|x64.ActiveCfg = Release|Any CPU
		{A2404CDA-A007-442C-BB71-C1859CADF416}.Release|x64.Build.0 = Release|Any CPU
		{A2404CDA-A007-442C-BB71-C1859CADF416}.Release|x86.ActiveCfg = Release|Any CPU
		{A2404CDA-A007-442C-BB71-C1859CADF416}.Release|x86.Build.0 = Release|Any CPU
		{2EB295C7-7743-4FB6-BA67-4B761583BA87}.Debug|Any CPU.ActiveCfg = Debug|Any CPU
		{2EB295C7-7743-4FB6-BA67-4B761583BA87}.Debug|Any CPU.Build.0 = Debug|Any CPU
		{2EB295C7-7743-4FB6-BA67-4B761583BA87}.Debug|x64.ActiveCfg = Debug|Any CPU
		{2EB295C7-7743-4FB6-BA67-4B761583BA87}.Debug|x64.Build.0 = Debug|Any CPU
		{2EB295C7-7743-4FB6-BA67-4B761583BA87}.Debug|x86.ActiveCfg = Debug|Any CPU
		{2EB295C7-7743-4FB6-BA67-4B761583BA87}.Debug|x86.Build.0 = Debug|Any CPU
		{2EB295C7-7743-4FB6-BA67-4B761583BA87}.Release|Any CPU.ActiveCfg = Release|Any CPU
		{2EB295C7-7743-4FB6-BA67-4B761583BA87}.Release|Any CPU.Build.0 = Release|Any CPU
		{2EB295C7-7743-4FB6-BA67-4B761583BA87}.Release|x64.ActiveCfg = Release|Any CPU
		{2EB295C7-7743-4FB6-BA67-4B761583BA87}.Release|x64.Build.0 = Release|Any CPU
		{2EB295C7-7743-4FB6-BA67-4B761583BA87}.Release|x86.ActiveCfg = Release|Any CPU
		{2EB295C7-7743-4FB6-BA67-4B761583BA87}.Release|x86.Build.0 = Release|Any CPU
		{F1678D02-8870-481E-802F-038E86BFA4AB}.Debug|Any CPU.ActiveCfg = Debug|Any CPU
		{F1678D02-8870-481E-802F-038E86BFA4AB}.Debug|Any CPU.Build.0 = Debug|Any CPU
		{F1678D02-8870-481E-802F-038E86BFA4AB}.Debug|x64.ActiveCfg = Debug|Any CPU
		{F1678D02-8870-481E-802F-038E86BFA4AB}.Debug|x64.Build.0 = Debug|Any CPU
		{F1678D02-8870-481E-802F-038E86BFA4AB}.Debug|x86.ActiveCfg = Debug|Any CPU
		{F1678D02-8870-481E-802F-038E86BFA4AB}.Debug|x86.Build.0 = Debug|Any CPU
		{F1678D02-8870-481E-802F-038E86BFA4AB}.Release|Any CPU.ActiveCfg = Release|Any CPU
		{F1678D02-8870-481E-802F-038E86BFA4AB}.Release|Any CPU.Build.0 = Release|Any CPU
		{F1678D02-8870-481E-802F-038E86BFA4AB}.Release|x64.ActiveCfg = Release|Any CPU
		{F1678D02-8870-481E-802F-038E86BFA4AB}.Release|x64.Build.0 = Release|Any CPU
		{F1678D02-8870-481E-802F-038E86BFA4AB}.Release|x86.ActiveCfg = Release|Any CPU
		{F1678D02-8870-481E-802F-038E86BFA4AB}.Release|x86.Build.0 = Release|Any CPU
	EndGlobalSection
	GlobalSection(SolutionProperties) = preSolution
		HideSolutionNode = FALSE
	EndGlobalSection
	GlobalSection(NestedProjects) = preSolution
		{B5C2B193-184C-41B6-C449-69B25C83A163} = {86FFF915-A70D-6D22-BBC9-936E523449E4}
		{BF0C8CDD-1B8E-3F34-D814-53DEB758469B} = {86FFF915-A70D-6D22-BBC9-936E523449E4}
		{2EB295C7-7743-4FB6-BA67-4B761583BA87} = {C9C22370-D9A2-AC29-050F-7139BECDFD26}
		{F1678D02-8870-481E-802F-038E86BFA4AB} = {C9C22370-D9A2-AC29-050F-7139BECDFD26}
	EndGlobalSection
	GlobalSection(ExtensibilityGlobals) = postSolution
		SolutionGuid = {D9089F87-0DEE-4799-A951-500243ABDE05}
	EndGlobalSection
EndGlobal
